
Microsoft Visual Studio Solution File, Format Version 12.00
# Visual Studio Version 17
VisualStudioVersion = 17.9.34728.123
MinimumVisualStudioVersion = 10.0.40219.1
Project("{FAE04EC0-301F-11D3-BF4B-00C04F79EFBC}") = "TodoList_Codnity", "TodoList_Codnity\TodoList_Codnity.csproj", "{514D86AC-C74A-4058-A051-693F1B86CFBD}"
EndProject
Global
	GlobalSection(SolutionConfigurationPlatforms) = preSolution
		Debug|Any CPU = Debug|Any CPU
		Release|Any CPU = Release|Any CPU
	EndGlobalSection
	GlobalSection(ProjectConfigurationPlatforms) = postSolution
		{514D86AC-C74A-4058-A051-693F1B86CFBD}.Debug|Any CPU.ActiveCfg = Debug|Any CPU
		{514D86AC-C74A-4058-A051-693F1B86CFBD}.Debug|Any CPU.Build.0 = Debug|Any CPU
		{514D86AC-C74A-4058-A051-693F1B86CFBD}.Release|Any CPU.ActiveCfg = Release|Any CPU
		{514D86AC-C74A-4058-A051-693F1B86CFBD}.Release|Any CPU.Build.0 = Release|Any CPU
	EndGlobalSection
	GlobalSection(SolutionProperties) = preSolution
		HideSolutionNode = FALSE
	EndGlobalSection
	GlobalSection(ExtensibilityGlobals) = postSolution
		SolutionGuid = {E6B3F60D-3CB8-4B2B-ACAD-33123ACD4F53}
	EndGlobalSection
EndGlobal
